
Microsoft Visual Studio Solution File, Format Version 12.00
# Visual Studio Version 17
VisualStudioVersion = 17.8.34330.188
MinimumVisualStudioVersion = 10.0.40219.1
Project("{FAE04EC0-301F-11D3-BF4B-00C04F79EFBC}") = "QMoneyCodeChallenge", "QMoneyCodeChallenge.csproj", "{D01D9373-00AB-46FD-BACC-52A5D20DC93D}"
EndProject
Global
	GlobalSection(SolutionConfigurationPlatforms) = preSolution
		Debug|Any CPU = Debug|Any CPU
		Release|Any CPU = Release|Any CPU
	EndGlobalSection
	GlobalSection(ProjectConfigurationPlatforms) = postSolution
		{D01D9373-00AB-46FD-BACC-52A5D20DC93D}.Debug|Any CPU.ActiveCfg = Debug|Any CPU
		{D01D9373-00AB-46FD-BACC-52A5D20DC93D}.Debug|Any CPU.Build.0 = Debug|Any CPU
		{D01D9373-00AB-46FD-BACC-52A5D20DC93D}.Release|Any CPU.ActiveCfg = Release|Any CPU
		{D01D9373-00AB-46FD-BACC-52A5D20DC93D}.Release|Any CPU.Build.0 = Release|Any CPU
	EndGlobalSection
	GlobalSection(SolutionProperties) = preSolution
		HideSolutionNode = FALSE
	EndGlobalSection
	GlobalSection(ExtensibilityGlobals) = postSolution
		SolutionGuid = {5D1EF4AC-8CA6-4B01-9CF5-5E92F93B7F28}
	EndGlobalSection
EndGlobal
